{
    "version": 3,
    "terraform_version": "0.10.8",
    "serial": 19,
    "lineage": "d19842f4-eccd-4a23-8086-0bef55a45601",
    "modules": [
        {
            "path": [
                "root"
            ],
            "outputs": {
                "database_security_group_id": {
                    "sensitive": false,
                    "type": "string",
                    "value": "sg-6180f81c"
                },
                "endpoint": {
                    "sensitive": false,
                    "type": "string",
                    "value": "dbimproving.c9srdholvutf.us-west-2.rds.amazonaws.com:5432"
                },
                "hosted_zone_id": {
                    "sensitive": false,
                    "type": "string",
                    "value": "Z1PVIF0B656C1W"
                },
                "hostname": {
                    "sensitive": false,
                    "type": "string",
                    "value": "dbimproving.c9srdholvutf.us-west-2.rds.amazonaws.com"
                },
                "id": {
                    "sensitive": false,
                    "type": "string",
                    "value": "dbimproving"
                },
                "port": {
                    "sensitive": false,
                    "type": "string",
                    "value": "5432"
                }
            },
            "resources": {
                "aws_db_instance.postgresql": {
                    "type": "aws_db_instance",
                    "depends_on": [],
                    "primary": {
                        "id": "dbimproving",
                        "attributes": {
                            "address": "dbimproving.c9srdholvutf.us-west-2.rds.amazonaws.com",
                            "allocated_storage": "32",
                            "arn": "arn:aws:rds:us-west-2:044165422585:db:dbimproving",
                            "auto_minor_version_upgrade": "true",
                            "availability_zone": "us-west-2c",
                            "backup_retention_period": "30",
                            "backup_window": "04:00-04:30",
                            "ca_cert_identifier": "rds-ca-2015",
                            "copy_tags_to_snapshot": "false",
                            "db_subnet_group_name": "dbimproving",
                            "endpoint": "dbimproving.c9srdholvutf.us-west-2.rds.amazonaws.com:5432",
                            "engine": "postgres",
                            "engine_version": "9.6.3",
                            "final_snapshot_identifier": "terraform-aws-postgresql-rds-snapshot",
                            "hosted_zone_id": "Z1PVIF0B656C1W",
                            "iam_database_authentication_enabled": "false",
                            "id": "dbimproving",
                            "identifier": "dbimproving",
                            "instance_class": "db.t2.micro",
                            "iops": "0",
                            "kms_key_id": "",
                            "license_model": "postgresql-license",
                            "maintenance_window": "sun:04:30-sun:05:30",
                            "monitoring_interval": "0",
                            "multi_az": "false",
                            "name": "dbimproving",
                            "option_group_name": "default:postgres-9-6",
                            "parameter_group_name": "default.postgres9.6",
                            "password": "passwdexemplo",
                            "port": "5432",
                            "publicly_accessible": "false",
                            "replicas.#": "0",
                            "replicate_source_db": "",
                            "resource_id": "db-TOTZBMTGBEHD6KJ757QHOBHNLQ",
                            "security_group_names.#": "0",
                            "skip_final_snapshot": "true",
                            "status": "available",
                            "storage_encrypted": "false",
                            "storage_type": "gp2",
                            "tags.%": "3",
                            "tags.Environment": "hom",
                            "tags.Name": "DatabaseServer",
                            "tags.Project": "improving",
                            "timezone": "",
                            "username": "postgres",
                            "vpc_security_group_ids.#": "1",
                            "vpc_security_group_ids.4221110964": "sg-be9e53c4"
                        },
                        "meta": {
                            "e2bfb730-ecaa-11e6-8f88-34363bc7c4c0": {
                                "create": 2400000000000,
                                "delete": 2400000000000,
                                "update": 4800000000000
                            }
                        },
                        "tainted": false
                    },
                    "deposed": [],
                    "provider": ""
                },
                "aws_security_group.postgresql": {
                    "type": "aws_security_group",
                    "depends_on": [
                        "data.terraform_remote_state.vpc"
                    ],
                    "primary": {
                        "id": "sg-6180f81c",
                        "attributes": {
                            "description": "Managed by Terraform",
                            "egress.#": "1",
                            "egress.482069346.cidr_blocks.#": "1",
                            "egress.482069346.cidr_blocks.0": "0.0.0.0/0",
                            "egress.482069346.description": "",
                            "egress.482069346.from_port": "0",
                            "egress.482069346.ipv6_cidr_blocks.#": "0",
                            "egress.482069346.prefix_list_ids.#": "0",
                            "egress.482069346.protocol": "-1",
                            "egress.482069346.security_groups.#": "0",
                            "egress.482069346.self": "false",
                            "egress.482069346.to_port": "0",
                            "id": "sg-6180f81c",
                            "ingress.#": "2",
                            "ingress.2541437006.cidr_blocks.#": "1",
                            "ingress.2541437006.cidr_blocks.0": "0.0.0.0/0",
                            "ingress.2541437006.description": "",
                            "ingress.2541437006.from_port": "22",
                            "ingress.2541437006.ipv6_cidr_blocks.#": "0",
                            "ingress.2541437006.protocol": "tcp",
                            "ingress.2541437006.security_groups.#": "0",
                            "ingress.2541437006.self": "false",
                            "ingress.2541437006.to_port": "22",
                            "ingress.761371496.cidr_blocks.#": "1",
                            "ingress.761371496.cidr_blocks.0": "0.0.0.0/0",
                            "ingress.761371496.description": "",
                            "ingress.761371496.from_port": "5432",
                            "ingress.761371496.ipv6_cidr_blocks.#": "0",
                            "ingress.761371496.protocol": "tcp",
                            "ingress.761371496.security_groups.#": "0",
                            "ingress.761371496.self": "false",
                            "ingress.761371496.to_port": "5432",
                            "name": "terraform-20171025201356500200000001",
                            "owner_id": "044165422585",
                            "tags.%": "3",
                            "tags.Environment": "hom",
                            "tags.Name": "sgDatabaseServer",
                            "tags.Project": "improving",
                            "vpc_id": "vpc-0dca906b"
                        },
                        "meta": {},
                        "tainted": false
                    },
                    "deposed": [],
                    "provider": ""
                },
                "data.terraform_remote_state.vpc": {
                    "type": "terraform_remote_state",
                    "depends_on": [],
                    "primary": {
                        "id": "2017-10-25 20:38:19.762978237 +0000 UTC",
                        "attributes": {
                            "backend": "local",
                            "config.%": "1",
                            "config.path": "../vpc/terraform.tfstate",
                            "environment": "default",
                            "id": "2017-10-25 20:38:19.762978237 +0000 UTC",
                            "igw_id": "igw-64d9ed03",
                            "nat_eips_id.#": "1",
                            "nat_eips_id.0": "eipalloc-0bb02c36",
                            "nat_eips_public_ips.#": "1",
                            "nat_eips_public_ips.0": "34.214.143.13",
                            "natgw_ids.#": "1",
                            "natgw_ids.0": "nat-02544a5bbe09f2144",
                            "private_subnets.#": "1",
                            "private_subnets.0": "subnet-aabdd3cc",
                            "public_subnets.#": "1",
                            "public_subnets.0": "subnet-55b9d733",
                            "vpc_id": "vpc-0dca906b"
                        },
                        "meta": {},
                        "tainted": false
                    },
                    "deposed": [],
                    "provider": ""
                }
            },
            "depends_on": []
        }
    ]
}
